
Microsoft Visual Studio Solution File, Format Version 12.00
# Visual Studio Version 17
VisualStudioVersion = 17.0.32112.339
MinimumVisualStudioVersion = 10.0.40219.1
Project("{9A19103F-16F7-4668-BE54-9A1E7A4F7556}") = "WLightBox.WPF", "WLightBox.WPF\WLightBox.WPF.csproj", "{21A3F1B0-76FF-4EBF-B03B-F29A90CE422A}"
EndProject
Project("{9A19103F-16F7-4668-BE54-9A1E7A4F7556}") = "WLightBox.Library", "WLightBox.Library\WLightBox.Library.csproj", "{3762F534-16D9-47E7-906A-E11437540F9C}"
EndProject
Global
	GlobalSection(SolutionConfigurationPlatforms) = preSolution
		Debug|Any CPU = Debug|Any CPU
		Release|Any CPU = Release|Any CPU
	EndGlobalSection
	GlobalSection(ProjectConfigurationPlatforms) = postSolution
		{21A3F1B0-76FF-4EBF-B03B-F29A90CE422A}.Debug|Any CPU.ActiveCfg = Debug|Any CPU
		{21A3F1B0-76FF-4EBF-B03B-F29A90CE422A}.Debug|Any CPU.Build.0 = Debug|Any CPU
		{21A3F1B0-76FF-4EBF-B03B-F29A90CE422A}.Release|Any CPU.ActiveCfg = Release|Any CPU
		{21A3F1B0-76FF-4EBF-B03B-F29A90CE422A}.Release|Any CPU.Build.0 = Release|Any CPU
		{3762F534-16D9-47E7-906A-E11437540F9C}.Debug|Any CPU.ActiveCfg = Debug|Any CPU
		{3762F534-16D9-47E7-906A-E11437540F9C}.Debug|Any CPU.Build.0 = Debug|Any CPU
		{3762F534-16D9-47E7-906A-E11437540F9C}.Release|Any CPU.ActiveCfg = Release|Any CPU
		{3762F534-16D9-47E7-906A-E11437540F9C}.Release|Any CPU.Build.0 = Release|Any CPU
	EndGlobalSection
	GlobalSection(SolutionProperties) = preSolution
		HideSolutionNode = FALSE
	EndGlobalSection
	GlobalSection(ExtensibilityGlobals) = postSolution
		SolutionGuid = {8176E84E-4B00-4805-B9D8-7F08464C5339}
	EndGlobalSection
EndGlobal
